// !$*UTF8*$!
{
	archiveVersion = 1;
	classes = {
	};
	objectVersion = 46;
	objects = {

/* Begin PBXBuildFile section */
		AB3D0BAC1CD550120045C7E0 /* AppDelegate.swift in Sources */ = {isa = PBXBuildFile; fileRef = AB3D0BAB1CD550120045C7E0 /* AppDelegate.swift */; };
		AB3D0BAE1CD550120045C7E0 /* ViewController.swift in Sources */ = {isa = PBXBuildFile; fileRef = AB3D0BAD1CD550120045C7E0 /* ViewController.swift */; };
		AB3D0BB11CD550120045C7E0 /* Main.storyboard in Resources */ = {isa = PBXBuildFile; fileRef = AB3D0BAF1CD550120045C7E0 /* Main.storyboard */; };
		AB3D0BB31CD550130045C7E0 /* Assets.xcassets in Resources */ = {isa = PBXBuildFile; fileRef = AB3D0BB21CD550130045C7E0 /* Assets.xcassets */; };
		AB3D0BB61CD550130045C7E0 /* LaunchScreen.storyboard in Resources */ = {isa = PBXBuildFile; fileRef = AB3D0BB41CD550130045C7E0 /* LaunchScreen.storyboard */; };
		AB3D0BC11CD550130045C7E0 /* SimpleRESTTests.swift in Sources */ = {isa = PBXBuildFile; fileRef = AB3D0BC01CD550130045C7E0 /* SimpleRESTTests.swift */; };
		AB3D0BCC1CD550130045C7E0 /* SimpleRESTUITests.swift in Sources */ = {isa = PBXBuildFile; fileRef = AB3D0BCB1CD550130045C7E0 /* SimpleRESTUITests.swift */; };
/* End PBXBuildFile section */

/* Begin PBXContainerItemProxy section */
		AB3D0BBD1CD550130045C7E0 /* PBXContainerItemProxy */ = {
			isa = PBXContainerItemProxy;
			containerPortal = AB3D0BA01CD550120045C7E0 /* Project object */;
			proxyType = 1;
			remoteGlobalIDString = AB3D0BA71CD550120045C7E0;
			remoteInfo = SimpleREST;
		};
		AB3D0BC81CD550130045C7E0 /* PBXContainerItemProxy */ = {
			isa = PBXContainerItemProxy;
			containerPortal = AB3D0BA01CD550120045C7E0 /* Project object */;
			proxyType = 1;
			remoteGlobalIDString = AB3D0BA71CD550120045C7E0;
			remoteInfo = SimpleREST;
		};
/* End PBXContainerItemProxy section */

/* Begin PBXFileReference section */
		AB3D0BA81CD550120045C7E0 /* SimpleREST.app */ = {isa = PBXFileReference; explicitFileType = wrapper.application; includeInIndex = 0; path = SimpleREST.app; sourceTree = BUILT_PRODUCTS_DIR; };
		AB3D0BAB1CD550120045C7E0 /* AppDelegate.swift */ = {isa = PBXFileReference; lastKnownFileType = sourcecode.swift; path = AppDelegate.swift; sourceTree = "<group>"; };
		AB3D0BAD1CD550120045C7E0 /* ViewController.swift */ = {isa = PBXFileReference; lastKnownFileType = sourcecode.swift; path = ViewController.swift; sourceTree = "<group>"; };
		AB3D0BB01CD550120045C7E0 /* Base */ = {isa = PBXFileReference; lastKnownFileType = file.storyboard; name = Base; path = Base.lproj/Main.storyboard; sourceTree = "<group>"; };
		AB3D0BB21CD550130045C7E0 /* Assets.xcassets */ = {isa = PBXFileReference; lastKnownFileType = folder.assetcatalog; path = Assets.xcassets; sourceTree = "<group>"; };
		AB3D0BB51CD550130045C7E0 /* Base */ = {isa = PBXFileReference; lastKnownFileType = file.storyboard; name = Base; path = Base.lproj/LaunchScreen.storyboard; sourceTree = "<group>"; };
		AB3D0BB71CD550130045C7E0 /* Info.plist */ = {isa = PBXFileReference; lastKnownFileType = text.plist.xml; path = Info.plist; sourceTree = "<group>"; };
		AB3D0BBC1CD550130045C7E0 /* SimpleRESTTests.xctest */ = {isa = PBXFileReference; explicitFileType = wrapper.cfbundle; includeInIndex = 0; path = SimpleRESTTests.xctest; sourceTree = BUILT_PRODUCTS_DIR; };
		AB3D0BC01CD550130045C7E0 /* SimpleRESTTests.swift */ = {isa = PBXFileReference; lastKnownFileType = sourcecode.swift; path = SimpleRESTTests.swift; sourceTree = "<group>"; };
		AB3D0BC21CD550130045C7E0 /* Info.plist */ = {isa = PBXFileReference; lastKnownFileType = text.plist.xml; path = Info.plist; sourceTree = "<group>"; };
		AB3D0BC71CD550130045C7E0 /* SimpleRESTUITests.xctest */ = {isa = PBXFileReference; explicitFileType = wrapper.cfbundle; includeInIndex = 0; path = SimpleRESTUITests.xctest; sourceTree = BUILT_PRODUCTS_DIR; };
		AB3D0BCB1CD550130045C7E0 /* SimpleRESTUITests.swift */ = {isa = PBXFileReference; lastKnownFileType = sourcecode.swift; path = SimpleRESTUITests.swift; sourceTree = "<group>"; };
		AB3D0BCD1CD550130045C7E0 /* Info.plist */ = {isa = PBXFileReference; lastKnownFileType = text.plist.xml; path = Info.plist; sourceTree = "<group>"; };
/* End PBXFileReference section */

/* Begin PBXFrameworksBuildPhase section */
		AB3D0BA51CD550120045C7E0 /* Frameworks */ = {
			isa = PBXFrameworksBuildPhase;
			buildActionMask = 2147483647;
			files = (
			);
			runOnlyForDeploymentPostprocessing = 0;
		};
		AB3D0BB91CD550130045C7E0 /* Frameworks */ = {
			isa = PBXFrameworksBuildPhase;
			buildActionMask = 2147483647;
			files = (
			);
			runOnlyForDeploymentPostprocessing = 0;
		};
		AB3D0BC41CD550130045C7E0 /* Frameworks */ = {
			isa = PBXFrameworksBuildPhase;
			buildActionMask = 2147483647;
			files = (
			);
			runOnlyForDeploymentPostprocessing = 0;
		};
/* End PBXFrameworksBuildPhase section */

/* Begin PBXGroup section */
		AB3D0B9F1CD550120045C7E0 = {
			isa = PBXGroup;
			children = (
				AB3D0BAA1CD550120045C7E0 /* SimpleREST */,
				AB3D0BBF1CD550130045C7E0 /* SimpleRESTTests */,
				AB3D0BCA1CD550130045C7E0 /* SimpleRESTUITests */,
				AB3D0BA91CD550120045C7E0 /* Products */,
			);
			sourceTree = "<group>";
		};
		AB3D0BA91CD550120045C7E0 /* Products */ = {
			isa = PBXGroup;
			children = (
				AB3D0BA81CD550120045C7E0 /* SimpleREST.app */,
				AB3D0BBC1CD550130045C7E0 /* SimpleRESTTests.xctest */,
				AB3D0BC71CD550130045C7E0 /* SimpleRESTUITests.xctest */,
			);
			name = Products;
			sourceTree = "<group>";
		};
		AB3D0BAA1CD550120045C7E0 /* SimpleREST */ = {
			isa = PBXGroup;
			children = (
				AB3D0BAB1CD550120045C7E0 /* AppDelegate.swift */,
				AB3D0BAD1CD550120045C7E0 /* ViewController.swift */,
				AB3D0BAF1CD550120045C7E0 /* Main.storyboard */,
				AB3D0BB21CD550130045C7E0 /* Assets.xcassets */,
				AB3D0BB41CD550130045C7E0 /* LaunchScreen.storyboard */,
				AB3D0BB71CD550130045C7E0 /* Info.plist */,
			);
			path = SimpleREST;
			sourceTree = "<group>";
		};
		AB3D0BBF1CD550130045C7E0 /* SimpleRESTTests */ = {
			isa = PBXGroup;
			children = (
				AB3D0BC01CD550130045C7E0 /* SimpleRESTTests.swift */,
				AB3D0BC21CD550130045C7E0 /* Info.plist */,
			);
			path = SimpleRESTTests;
			sourceTree = "<group>";
		};
		AB3D0BCA1CD550130045C7E0 /* SimpleRESTUITests */ = {
			isa = PBXGroup;
			children = (
				AB3D0BCB1CD550130045C7E0 /* SimpleRESTUITests.swift */,
				AB3D0BCD1CD550130045C7E0 /* Info.plist */,
			);
			path = SimpleRESTUITests;
			sourceTree = "<group>";
		};
/* End PBXGroup section */

/* Begin PBXNativeTarget section */
		AB3D0BA71CD550120045C7E0 /* SimpleREST */ = {
			isa = PBXNativeTarget;
			buildConfigurationList = AB3D0BD01CD550130045C7E0 /* Build configuration list for PBXNativeTarget "SimpleREST" */;
			buildPhases = (
				AB3D0BA41CD550120045C7E0 /* Sources */,
				AB3D0BA51CD550120045C7E0 /* Frameworks */,
				AB3D0BA61CD550120045C7E0 /* Resources */,
			);
			buildRules = (
			);
			dependencies = (
			);
			name = SimpleREST;
			productName = SimpleREST;
			productReference = AB3D0BA81CD550120045C7E0 /* SimpleREST.app */;
			productType = "com.apple.product-type.application";
		};
		AB3D0BBB1CD550130045C7E0 /* SimpleRESTTests */ = {
			isa = PBXNativeTarget;
			buildConfigurationList = AB3D0BD31CD550130045C7E0 /* Build configuration list for PBXNativeTarget "SimpleRESTTests" */;
			buildPhases = (
				AB3D0BB81CD550130045C7E0 /* Sources */,
				AB3D0BB91CD550130045C7E0 /* Frameworks */,
				AB3D0BBA1CD550130045C7E0 /* Resources */,
			);
			buildRules = (
			);
			dependencies = (
				AB3D0BBE1CD550130045C7E0 /* PBXTargetDependency */,
			);
			name = SimpleRESTTests;
			productName = SimpleRESTTests;
			productReference = AB3D0BBC1CD550130045C7E0 /* SimpleRESTTests.xctest */;
			productType = "com.apple.product-type.bundle.unit-test";
		};
		AB3D0BC61CD550130045C7E0 /* SimpleRESTUITests */ = {
			isa = PBXNativeTarget;
			buildConfigurationList = AB3D0BD61CD550130045C7E0 /* Build configuration list for PBXNativeTarget "SimpleRESTUITests" */;
			buildPhases = (
				AB3D0BC31CD550130045C7E0 /* Sources */,
				AB3D0BC41CD550130045C7E0 /* Frameworks */,
				AB3D0BC51CD550130045C7E0 /* Resources */,
			);
			buildRules = (
			);
			dependencies = (
				AB3D0BC91CD550130045C7E0 /* PBXTargetDependency */,
			);
			name = SimpleRESTUITests;
			productName = SimpleRESTUITests;
			productReference = AB3D0BC71CD550130045C7E0 /* SimpleRESTUITests.xctest */;
			productType = "com.apple.product-type.bundle.ui-testing";
		};
/* End PBXNativeTarget section */

/* Begin PBXProject section */
		AB3D0BA01CD550120045C7E0 /* Project object */ = {
			isa = PBXProject;
			attributes = {
				LastSwiftUpdateCheck = 0730;
				LastUpgradeCheck = 0730;
				ORGANIZATIONNAME = "Mark Pruitt";
				TargetAttributes = {
					AB3D0BA71CD550120045C7E0 = {
						CreatedOnToolsVersion = 7.3;
					};
					AB3D0BBB1CD550130045C7E0 = {
						CreatedOnToolsVersion = 7.3;
						TestTargetID = AB3D0BA71CD550120045C7E0;
					};
					AB3D0BC61CD550130045C7E0 = {
						CreatedOnToolsVersion = 7.3;
						TestTargetID = AB3D0BA71CD550120045C7E0;
					};
				};
			};
			buildConfigurationList = AB3D0BA31CD550120045C7E0 /* Build configuration list for PBXProject "SimpleREST" */;
			compatibilityVersion = "Xcode 3.2";
			developmentRegion = English;
			hasScannedForEncodings = 0;
			knownRegions = (
				en,
				Base,
			);
			mainGroup = AB3D0B9F1CD550120045C7E0;
			productRefGroup = AB3D0BA91CD550120045C7E0 /* Products */;
			projectDirPath = "";
			projectRoot = "";
			targets = (
				AB3D0BA71CD550120045C7E0 /* SimpleREST */,
				AB3D0BBB1CD550130045C7E0 /* SimpleRESTTests */,
				AB3D0BC61CD550130045C7E0 /* SimpleRESTUITests */,
			);
		};
/* End PBXProject section */

/* Begin PBXResourcesBuildPhase section */
		AB3D0BA61CD550120045C7E0 /* Resources */ = {
			isa = PBXResourcesBuildPhase;
			buildActionMask = 2147483647;
			files = (
				AB3D0BB61CD550130045C7E0 /* LaunchScreen.storyboard in Resources */,
				AB3D0BB31CD550130045C7E0 /* Assets.xcassets in Resources */,
				AB3D0BB11CD550120045C7E0 /* Main.storyboard in Resources */,
			);
			runOnlyForDeploymentPostprocessing = 0;
		};
		AB3D0BBA1CD550130045C7E0 /* Resources */ = {
			isa = PBXResourcesBuildPhase;
			buildActionMask = 2147483647;
			files = (
			);
			runOnlyForDeploymentPostprocessing = 0;
		};
		AB3D0BC51CD550130045C7E0 /* Resources */ = {
			isa = PBXResourcesBuildPhase;
			buildActionMask = 2147483647;
			files = (
			);
			runOnlyForDeploymentPostprocessing = 0;
		};
/* End PBXResourcesBuildPhase section */

/* Begin PBXSourcesBuildPhase section */
		AB3D0BA41CD550120045C7E0 /* Sources */ = {
			isa = PBXSourcesBuildPhase;
			buildActionMask = 2147483647;
			files = (
				AB3D0BAE1CD550120045C7E0 /* ViewController.swift in Sources */,
				AB3D0BAC1CD550120045C7E0 /* AppDelegate.swift in Sources */,
			);
			runOnlyForDeploymentPostprocessing = 0;
		};
		AB3D0BB81CD550130045C7E0 /* Sources */ = {
			isa = PBXSourcesBuildPhase;
			buildActionMask = 2147483647;
			files = (
				AB3D0BC11CD550130045C7E0 /* SimpleRESTTests.swift in Sources */,
			);
			runOnlyForDeploymentPostprocessing = 0;
		};
		AB3D0BC31CD550130045C7E0 /* Sources */ = {
			isa = PBXSourcesBuildPhase;
			buildActionMask = 2147483647;
			files = (
				AB3D0BCC1CD550130045C7E0 /* SimpleRESTUITests.swift in Sources */,
			);
			runOnlyForDeploymentPostprocessing = 0;
		};
/* End PBXSourcesBuildPhase section */

/* Begin PBXTargetDependency section */
		AB3D0BBE1CD550130045C7E0 /* PBXTargetDependency */ = {
			isa = PBXTargetDependency;
			target = AB3D0BA71CD550120045C7E0 /* SimpleREST */;
			targetProxy = AB3D0BBD1CD550130045C7E0 /* PBXContainerItemProxy */;
		};
		AB3D0BC91CD550130045C7E0 /* PBXTargetDependency */ = {
			isa = PBXTargetDependency;
			target = AB3D0BA71CD550120045C7E0 /* SimpleREST */;
			targetProxy = AB3D0BC81CD550130045C7E0 /* PBXContainerItemProxy */;
		};
/* End PBXTargetDependency section */

/* Begin PBXVariantGroup section */
		AB3D0BAF1CD550120045C7E0 /* Main.storyboard */ = {
			isa = PBXVariantGroup;
			children = (
				AB3D0BB01CD550120045C7E0 /* Base */,
			);
			name = Main.storyboard;
			sourceTree = "<group>";
		};
		AB3D0BB41CD550130045C7E0 /* LaunchScreen.storyboard */ = {
			isa = PBXVariantGroup;
			children = (
				AB3D0BB51CD550130045C7E0 /* Base */,
			);
			name = LaunchScreen.storyboard;
			sourceTree = "<group>";
		};
/* End PBXVariantGroup section */

/* Begin XCBuildConfiguration section */
		AB3D0BCE1CD550130045C7E0 /* Debug */ = {
			isa = XCBuildConfiguration;
			buildSettings = {
				ALWAYS_SEARCH_USER_PATHS = NO;
				CLANG_ANALYZER_NONNULL = YES;
				CLANG_CXX_LANGUAGE_STANDARD = "gnu++0x";
				CLANG_CXX_LIBRARY = "libc++";
				CLANG_ENABLE_MODULES = YES;
				CLANG_ENABLE_OBJC_ARC = YES;
				CLANG_WARN_BOOL_CONVERSION = YES;
				CLANG_WARN_CONSTANT_CONVERSION = YES;
				CLANG_WARN_DIRECT_OBJC_ISA_USAGE = YES_ERROR;
				CLANG_WARN_EMPTY_BODY = YES;
				CLANG_WARN_ENUM_CONVERSION = YES;
				CLANG_WARN_INT_CONVERSION = YES;
				CLANG_WARN_OBJC_ROOT_CLASS = YES_ERROR;
				CLANG_WARN_UNREACHABLE_CODE = YES;
				CLANG_WARN__DUPLICATE_METHOD_MATCH = YES;
				"CODE_SIGN_IDENTITY[sdk=iphoneos*]" = "iPhone Developer";
				COPY_PHASE_STRIP = NO;
				DEBUG_INFORMATION_FORMAT = dwarf;
				ENABLE_STRICT_OBJC_MSGSEND = YES;
				ENABLE_TESTABILITY = YES;
				GCC_C_LANGUAGE_STANDARD = gnu99;
				GCC_DYNAMIC_NO_PIC = NO;
				GCC_NO_COMMON_BLOCKS = YES;
				GCC_OPTIMIZATION_LEVEL = 0;
				GCC_PREPROCESSOR_DEFINITIONS = (
					"DEBUG=1",
					"$(inherited)",
				);
				GCC_WARN_64_TO_32_BIT_CONVERSION = YES;
				GCC_WARN_ABOUT_RETURN_TYPE = YES_ERROR;
				GCC_WARN_UNDECLARED_SELECTOR = YES;
				GCC_WARN_UNINITIALIZED_AUTOS = YES_AGGRESSIVE;
				GCC_WARN_UNUSED_FUNCTION = YES;
				GCC_WARN_UNUSED_VARIABLE = YES;
				IPHONEOS_DEPLOYMENT_TARGET = 9.3;
				MTL_ENABLE_DEBUG_INFO = YES;
				ONLY_ACTIVE_ARCH = YES;
				SDKROOT = iphoneos;
				SWIFT_OPTIMIZATION_LEVEL = "-Onone";
				TARGETED_DEVICE_FAMILY = "1,2";
			};
			name = Debug;
		};
		AB3D0BCF1CD550130045C7E0 /* Release */ = {
			isa = XCBuildConfiguration;
			buildSettings = {
				ALWAYS_SEARCH_USER_PATHS = NO;
				CLANG_ANALYZER_NONNULL = YES;
				CLANG_CXX_LANGUAGE_STANDARD = "gnu++0x";
				CLANG_CXX_LIBRARY = "libc++";
				CLANG_ENABLE_MODULES = YES;
				CLANG_ENABLE_OBJC_ARC = YES;
				CLANG_WARN_BOOL_CONVERSION = YES;
				CLANG_WARN_CONSTANT_CONVERSION = YES;
				CLANG_WARN_DIRECT_OBJC_ISA_USAGE = YES_ERROR;
				CLANG_WARN_EMPTY_BODY = YES;
				CLANG_WARN_ENUM_CONVERSION = YES;
				CLANG_WARN_INT_CONVERSION = YES;
				CLANG_WARN_OBJC_ROOT_CLASS = YES_ERROR;
				CLANG_WARN_UNREACHABLE_CODE = YES;
				CLANG_WARN__DUPLICATE_METHOD_MATCH = YES;
				"CODE_SIGN_IDENTITY[sdk=iphoneos*]" = "iPhone Developer";
				COPY_PHASE_STRIP = NO;
				DEBUG_INFORMATION_FORMAT = "dwarf-with-dsym";
				ENABLE_NS_ASSERTIONS = NO;
				ENABLE_STRICT_OBJC_MSGSEND = YES;
				GCC_C_LANGUAGE_STANDARD = gnu99;
				GCC_NO_COMMON_BLOCKS = YES;
				GCC_WARN_64_TO_32_BIT_CONVERSION = YES;
				GCC_WARN_ABOUT_RETURN_TYPE = YES_ERROR;
				GCC_WARN_UNDECLARED_SELECTOR = YES;
				GCC_WARN_UNINITIALIZED_AUTOS = YES_AGGRESSIVE;
				GCC_WARN_UNUSED_FUNCTION = YES;
				GCC_WARN_UNUSED_VARIABLE = YES;
				IPHONEOS_DEPLOYMENT_TARGET = 9.3;
				MTL_ENABLE_DEBUG_INFO = NO;
				SDKROOT = iphoneos;
				TARGETED_DEVICE_FAMILY = "1,2";
				VALIDATE_PRODUCT = YES;
			};
			name = Release;
		};
		AB3D0BD11CD550130045C7E0 /* Debug */ = {
			isa = XCBuildConfiguration;
			buildSettings = {
				ASSETCATALOG_COMPILER_APPICON_NAME = AppIcon;
				INFOPLIST_FILE = SimpleREST/Info.plist;
				LD_RUNPATH_SEARCH_PATHS = "$(inherited) @executable_path/Frameworks";
				PRODUCT_BUNDLE_IDENTIFIER = com.cgsoftworks.SimpleREST;
				PRODUCT_NAME = "$(TARGET_NAME)";
			};
			name = Debug;
		};
		AB3D0BD21CD550130045C7E0 /* Release */ = {
			isa = XCBuildConfiguration;
			buildSettings = {
				ASSETCATALOG_COMPILER_APPICON_NAME = AppIcon;
				INFOPLIST_FILE = SimpleREST/Info.plist;
				LD_RUNPATH_SEARCH_PATHS = "$(inherited) @executable_path/Frameworks";
				PRODUCT_BUNDLE_IDENTIFIER = com.cgsoftworks.SimpleREST;
				PRODUCT_NAME = "$(TARGET_NAME)";
			};
			name = Release;
		};
		AB3D0BD41CD550130045C7E0 /* Debug */ = {
			isa = XCBuildConfiguration;
			buildSettings = {
				BUNDLE_LOADER = "$(TEST_HOST)";
				INFOPLIST_FILE = SimpleRESTTests/Info.plist;
				LD_RUNPATH_SEARCH_PATHS = "$(inherited) @executable_path/Frameworks @loader_path/Frameworks";
				PRODUCT_BUNDLE_IDENTIFIER = com.cgsoftworks.SimpleRESTTests;
				PRODUCT_NAME = "$(TARGET_NAME)";
				TEST_HOST = "$(BUILT_PRODUCTS_DIR)/SimpleREST.app/SimpleREST";
			};
			name = Debug;
		};
		AB3D0BD51CD550130045C7E0 /* Release */ = {
			isa = XCBuildConfiguration;
			buildSettings = {
				BUNDLE_LOADER = "$(TEST_HOST)";
				INFOPLIST_FILE = SimpleRESTTests/Info.plist;
				LD_RUNPATH_SEARCH_PATHS = "$(inherited) @executable_path/Frameworks @loader_path/Frameworks";
				PRODUCT_BUNDLE_IDENTIFIER = com.cgsoftworks.SimpleRESTTests;
				PRODUCT_NAME = "$(TARGET_NAME)";
				TEST_HOST = "$(BUILT_PRODUCTS_DIR)/SimpleREST.app/SimpleREST";
			};
			name = Release;
		};
		AB3D0BD71CD550130045C7E0 /* Debug */ = {
			isa = XCBuildConfiguration;
			buildSettings = {
				INFOPLIST_FILE = SimpleRESTUITests/Info.plist;
				LD_RUNPATH_SEARCH_PATHS = "$(inherited) @executable_path/Frameworks @loader_path/Frameworks";
				PRODUCT_BUNDLE_IDENTIFIER = com.cgsoftworks.SimpleRESTUITests;
				PRODUCT_NAME = "$(TARGET_NAME)";
				TEST_TARGET_NAME = SimpleREST;
			};
			name = Debug;
		};
		AB3D0BD81CD550130045C7E0 /* Release */ = {
			isa = XCBuildConfiguration;
			buildSettings = {
				INFOPLIST_FILE = SimpleRESTUITests/Info.plist;
				LD_RUNPATH_SEARCH_PATHS = "$(inherited) @executable_path/Frameworks @loader_path/Frameworks";
				PRODUCT_BUNDLE_IDENTIFIER = com.cgsoftworks.SimpleRESTUITests;
				PRODUCT_NAME = "$(TARGET_NAME)";
				TEST_TARGET_NAME = SimpleREST;
			};
			name = Release;
		};
/* End XCBuildConfiguration section */

/* Begin XCConfigurationList section */
		AB3D0BA31CD550120045C7E0 /* Build configuration list for PBXProject "SimpleREST" */ = {
			isa = XCConfigurationList;
			buildConfigurations = (
				AB3D0BCE1CD550130045C7E0 /* Debug */,
				AB3D0BCF1CD550130045C7E0 /* Release */,
			);
			defaultConfigurationIsVisible = 0;
			defaultConfigurationName = Release;
		};
		AB3D0BD01CD550130045C7E0 /* Build configuration list for PBXNativeTarget "SimpleREST" */ = {
			isa = XCConfigurationList;
			buildConfigurations = (
				AB3D0BD11CD550130045C7E0 /* Debug */,
				AB3D0BD21CD550130045C7E0 /* Release */,
			);
			defaultConfigurationIsVisible = 0;
		};
		AB3D0BD31CD550130045C7E0 /* Build configuration list for PBXNativeTarget "SimpleRESTTests" */ = {
			isa = XCConfigurationList;
			buildConfigurations = (
				AB3D0BD41CD550130045C7E0 /* Debug */,
				AB3D0BD51CD550130045C7E0 /* Release */,
			);
			defaultConfigurationIsVisible = 0;
		};
		AB3D0BD61CD550130045C7E0 /* Build configuration list for PBXNativeTarget "SimpleRESTUITests" */ = {
			isa = XCConfigurationList;
			buildConfigurations = (
				AB3D0BD71CD550130045C7E0 /* Debug */,
				AB3D0BD81CD550130045C7E0 /* Release */,
			);
			defaultConfigurationIsVisible = 0;
		};
/* End XCConfigurationList section */
	};
	rootObject = AB3D0BA01CD550120045C7E0 /* Project object */;
}
